Microsoft Visual Studio Solution File, Format Version 12.00
# Visual Studio 2012
Project("{8C7A32CA-3742-9824-D54A-536B421CE636}") = "arenaTest", "Assembly-CSharp.csproj", "{1E6BB1A8-2409-0C9C-6251-84DC4E123BA4}"
EndProject
Project("{8C7A32CA-3742-9824-D54A-536B421CE636}") = "arenaTest", "Assembly-CSharp-Editor.csproj", "{0BD90849-36E4-514C-4E40-35438B2AE176}"
EndProject
Global
	GlobalSection(SolutionConfigurationPlatforms) = preSolution
		Debug|Any CPU = Debug|Any CPU
		Release|Any CPU = Release|Any CPU
	EndGlobalSection
	GlobalSection(ProjectConfigurationPlatforms) = postSolution
		{1E6BB1A8-2409-0C9C-6251-84DC4E123BA4}.Debug|Any CPU.ActiveCfg = Debug|Any CPU
		{1E6BB1A8-2409-0C9C-6251-84DC4E123BA4}.Debug|Any CPU.Build.0 = Debug|Any CPU
		{1E6BB1A8-2409-0C9C-6251-84DC4E123BA4}.Release|Any CPU.ActiveCfg = Release|Any CPU
		{1E6BB1A8-2409-0C9C-6251-84DC4E123BA4}.Release|Any CPU.Build.0 = Release|Any CPU
		{0BD90849-36E4-514C-4E40-35438B2AE176}.Debug|Any CPU.ActiveCfg = Debug|Any CPU
		{0BD90849-36E4-514C-4E40-35438B2AE176}.Debug|Any CPU.Build.0 = Debug|Any CPU
		{0BD90849-36E4-514C-4E40-35438B2AE176}.Release|Any CPU.ActiveCfg = Release|Any CPU
		{0BD90849-36E4-514C-4E40-35438B2AE176}.Release|Any CPU.Build.0 = Release|Any CPU
	EndGlobalSection
	GlobalSection(MonoDevelopProperties) = preSolution
		StartupItem = Assembly-CSharp.csproj
	EndGlobalSection
EndGlobal
