
Microsoft Visual Studio Solution File, Format Version 11.00
# Visual Studio 2010
Project("{FAE04EC0-301F-11D3-BF4B-00C04F79EFBC}") = "unityArenaTest", "Assembly-CSharp.csproj", "{C82EACE6-EA42-01D1-106B-720BB67F346D}"
EndProject
Project("{FAE04EC0-301F-11D3-BF4B-00C04F79EFBC}") = "unityArenaTest", "Assembly-CSharp-Editor.csproj", "{18F0B244-0ED8-E8D9-911C-EA909E38ED19}"
EndProject
Global
	GlobalSection(SolutionConfigurationPlatforms) = preSolution
		Debug|Any CPU = Debug|Any CPU
		Release|Any CPU = Release|Any CPU
	EndGlobalSection
	GlobalSection(ProjectConfigurationPlatforms) = postSolution
		{C82EACE6-EA42-01D1-106B-720BB67F346D}.Debug|Any CPU.ActiveCfg = Debug|Any CPU
		{C82EACE6-EA42-01D1-106B-720BB67F346D}.Debug|Any CPU.Build.0 = Debug|Any CPU
		{C82EACE6-EA42-01D1-106B-720BB67F346D}.Release|Any CPU.ActiveCfg = Release|Any CPU
		{C82EACE6-EA42-01D1-106B-720BB67F346D}.Release|Any CPU.Build.0 = Release|Any CPU
		{18F0B244-0ED8-E8D9-911C-EA909E38ED19}.Debug|Any CPU.ActiveCfg = Debug|Any CPU
		{18F0B244-0ED8-E8D9-911C-EA909E38ED19}.Debug|Any CPU.Build.0 = Debug|Any CPU
		{18F0B244-0ED8-E8D9-911C-EA909E38ED19}.Release|Any CPU.ActiveCfg = Release|Any CPU
		{18F0B244-0ED8-E8D9-911C-EA909E38ED19}.Release|Any CPU.Build.0 = Release|Any CPU
	EndGlobalSection
	GlobalSection(SolutionProperties) = preSolution
		HideSolutionNode = FALSE
	EndGlobalSection
	GlobalSection(MonoDevelopProperties) = preSolution
		StartupItem = Assembly-CSharp.csproj
	EndGlobalSection
EndGlobal
